
Microsoft Visual Studio Solution File, Format Version 12.00
# Visual Studio Version 16
VisualStudioVersion = 16.0.30309.148
MinimumVisualStudioVersion = 10.0.40219.1
Project("{FAE04EC0-301F-11D3-BF4B-00C04F79EFBC}") = "TwitterClone", "TwitterClone.csproj", "{051A0FDC-625B-455F-8878-75E4E7EBF14B}"
EndProject
Global
	GlobalSection(SolutionConfigurationPlatforms) = preSolution
		Debug|Any CPU = Debug|Any CPU
		Release|Any CPU = Release|Any CPU
	EndGlobalSection
	GlobalSection(ProjectConfigurationPlatforms) = postSolution
		{051A0FDC-625B-455F-8878-75E4E7EBF14B}.Debug|Any CPU.ActiveCfg = Debug|Any CPU
		{051A0FDC-625B-455F-8878-75E4E7EBF14B}.Debug|Any CPU.Build.0 = Debug|Any CPU
		{051A0FDC-625B-455F-8878-75E4E7EBF14B}.Release|Any CPU.ActiveCfg = Release|Any CPU
		{051A0FDC-625B-455F-8878-75E4E7EBF14B}.Release|Any CPU.Build.0 = Release|Any CPU
	EndGlobalSection
	GlobalSection(SolutionProperties) = preSolution
		HideSolutionNode = FALSE
	EndGlobalSection
	GlobalSection(ExtensibilityGlobals) = postSolution
		SolutionGuid = {CCE99179-AC7F-4796-B3AB-697258C2B104}
	EndGlobalSection
EndGlobal
